Microsoft Visual Studio Solution File, Format Version 12.00
# Visual Studio 2012
Project("{FAE04EC0-301F-11D3-BF4B-00C04F79EFBC}") = "demo", "demo.csproj", "{A34F4BE2-1251-4AE8-8062-23B741E13821}"
EndProject
Project("{2150E333-8FDC-42A3-9474-1A3956D46DE8}") = "0_Node", "0_Node", "{DFA95E58-4B3F-4D46-BD8D-5C6945069DA0}"
EndProject
Project("{FAE04EC0-301F-11D3-BF4B-00C04F79EFBC}") = "TO.Contexts", "TO.Contexts\TO.Contexts.csproj", "{01CC70C6-5289-478D-B977-AAB2AC1B67B8}"
EndProject
Project("{FAE04EC0-301F-11D3-BF4B-00C04F79EFBC}") = "TO.Nodes.Abstractions", "TO.Nodes.Abstractions\TO.Nodes.Abstractions.csproj", "{F42C980F-2449-4576-A34E-8BAA88488158}"
EndProject
Project("{2150E333-8FDC-42A3-9474-1A3956D46DE8}") = "4_CrossSlns", "4_CrossSlns", "{BE49C450-D4A9-4C2B-8AB2-43292E27CB77}"
EndProject
Project("{FAE04EC0-301F-11D3-BF4B-00C04F79EFBC}") = "TO.GodotNodes.Abstractions", "TO.GodotNodes.Abstractions\TO.GodotNodes.Abstractions.csproj", "{718229BA-2BCC-4C69-B994-0C8945CA20E4}"
EndProject
Project("{FAE04EC0-301F-11D3-BF4B-00C04F79EFBC}") = "TO.Commons", "TO.Commons\TO.Commons.csproj", "{2598842F-38BD-4AA2-A645-168722BE60BD}"
EndProject
Project("{FAE04EC0-301F-11D3-BF4B-00C04F79EFBC}") = "TO.Events", "TO.Events\TO.Events.csproj", "{512889A1-9DA1-4C8D-A144-E267765E3DF2}"
EndProject
Project("{2150E333-8FDC-42A3-9474-1A3956D46DE8}") = "1_Apps", "1_Apps", "{17D096EA-4108-4F8D-B144-6E207C5EBE6D}"
EndProject
Project("{2150E333-8FDC-42A3-9474-1A3956D46DE8}") = "2_Domains", "2_Domains", "{CECCCE65-9FBE-4149-A082-FCF332FA48FF}"
EndProject
Project("{2150E333-8FDC-42A3-9474-1A3956D46DE8}") = "3_Infras", "3_Infras", "{4A80D59A-CB0C-4BBD-89AE-10DFDB62A75F}"
EndProject
Project("{2150E333-8FDC-42A3-9474-1A3956D46DE8}") = "5_UniTest", "5_UniTest", "{B7F074FA-82B9-4E31-B992-6455203DC7F3}"
EndProject
Project("{FAE04EC0-301F-11D3-BF4B-00C04F79EFBC}") = "TO.Apps.CommandHandles", "TO.Apps.CommandHandles\TO.Apps.CommandHandles.csproj", "{AF7F0FB0-0709-4651-9EB3-0671A395E4B2}"
EndProject
Project("{FAE04EC0-301F-11D3-BF4B-00C04F79EFBC}") = "TO.Apps.Commands", "TO.Apps.Commands\TO.Apps.Commands.csproj", "{A90943BF-B2F2-4A01-B023-FC934E03F232}"
EndProject
Project("{FAE04EC0-301F-11D3-BF4B-00C04F79EFBC}") = "TO.Apps.Events", "TO.Apps.Events\TO.Apps.Events.csproj", "{E95741FF-905E-47BA-A7EC-B61C575B30C7}"
EndProject
Project("{FAE04EC0-301F-11D3-BF4B-00C04F79EFBC}") = "TO.Apps.Services", "TO.Apps.Services\TO.Apps.Services.csproj", "{3C1B2F13-FBD1-47D1-9EC1-E45AA9ED29CC}"
EndProject
Project("{FAE04EC0-301F-11D3-BF4B-00C04F79EFBC}") = "TO.Apps.Services.Abstractions", "TO.Apps.Services.Abstractions\TO.Apps.Services.Abstractions.csproj", "{319F6F96-C197-4BF3-AE28-EFDE22934CC2}"
EndProject
Project("{FAE04EC0-301F-11D3-BF4B-00C04F79EFBC}") = "TO.Domains.Eevents", "TO.Domains.Eevents\TO.Domains.Eevents.csproj", "{A886C3DC-875C-4617-9179-167C788F19DC}"
EndProject
Project("{FAE04EC0-301F-11D3-BF4B-00C04F79EFBC}") = "TO.Domains.Services", "TO.Domains.Services\TO.Domains.Services.csproj", "{690DE55F-E5DF-4CFB-B256-D70F2E4B863B}"
EndProject
Project("{FAE04EC0-301F-11D3-BF4B-00C04F79EFBC}") = "TO.Domains.Services.Abstractions", "TO.Domains.Services.Abstractions\TO.Domains.Services.Abstractions.csproj", "{A1F35F84-3DB2-456F-8909-BD15739766CB}"
EndProject
Project("{2150E333-8FDC-42A3-9474-1A3956D46DE8}") = "TO_Domains.Models", "TO_Domains.Models", "{F31CBA25-9ACA-49AA-8BD9-4ECAC90AE62D}"
EndProject
Project("{FAE04EC0-301F-11D3-BF4B-00C04F79EFBC}") = "TO.Domains.Models.AggregateRoots", "TO.Domains.Models.AggregateRoots\TO.Domains.Models.AggregateRoots.csproj", "{F2B996C0-268E-438A-A565-18541673ECE4}"
EndProject
Project("{FAE04EC0-301F-11D3-BF4B-00C04F79EFBC}") = "TO.Domains.Models.Entities", "TO.Domains.Models.Entities\TO.Domains.Models.Entities.csproj", "{39574623-6BFB-489A-9C7F-9311A1379E9E}"
EndProject
Project("{FAE04EC0-301F-11D3-BF4B-00C04F79EFBC}") = "TO.Domains.Models.VO", "TO.Domains.Models.VO\TO.Domains.Models.VO.csproj", "{7BD89D21-F57F-47EF-804E-9841FAD169BD}"
EndProject
Project("{2150E333-8FDC-42A3-9474-1A3956D46DE8}") = "TO_Domains.Models.Abstractions", "TO_Domains.Models.Abstractions", "{C20923E9-E6C4-4128-9CEF-B9366DF3CE66}"
EndProject
Project("{FAE04EC0-301F-11D3-BF4B-00C04F79EFBC}") = "TO.Domains.Models.Repositories.Abstractions", "TO.Domains.Models.Repositories.Abstractions\TO.Domains.Models.Repositories.Abstractions.csproj", "{C2CDCB55-BACA-4561-9594-6C709138277C}"
EndProject
Project("{FAE04EC0-301F-11D3-BF4B-00C04F79EFBC}") = "TO.Infras.Repositories", "TO.Infras.Repositories\TO.Infras.Repositories.csproj", "{920F3DEF-E42F-45D5-AD01-1D8DD4E7C2CA}"
EndProject
Project("{FAE04EC0-301F-11D3-BF4B-00C04F79EFBC}") = "To.Infras.Writers", "TO.Infras.Writers\To.Infras.Writers.csproj", "{FDB412C1-0C17-4609-8D76-D8246369345C}"
EndProject
Project("{FAE04EC0-301F-11D3-BF4B-00C04F79EFBC}") = "To.Infras.Writers.Abstractions", "TO.Infras.Writers.Abstractions\To.Infras.Writers.Abstractions.csproj", "{199565A2-6BDC-4052-9E6E-EACBE8AC3702}"
EndProject
Global
	GlobalSection(SolutionConfigurationPlatforms) = preSolution
	Debug|Any CPU = Debug|Any CPU
	ExportDebug|Any CPU = ExportDebug|Any CPU
	ExportRelease|Any CPU = ExportRelease|Any CPU
	EndGlobalSection
	GlobalSection(ProjectConfigurationPlatforms) = postSolution
		{A34F4BE2-1251-4AE8-8062-23B741E13821}.Debug|Any CPU.ActiveCfg = Debug|Any CPU
		{A34F4BE2-1251-4AE8-8062-23B741E13821}.Debug|Any CPU.Build.0 = Debug|Any CPU
		{A34F4BE2-1251-4AE8-8062-23B741E13821}.ExportDebug|Any CPU.ActiveCfg = ExportDebug|Any CPU
		{A34F4BE2-1251-4AE8-8062-23B741E13821}.ExportDebug|Any CPU.Build.0 = ExportDebug|Any CPU
		{A34F4BE2-1251-4AE8-8062-23B741E13821}.ExportRelease|Any CPU.ActiveCfg = ExportRelease|Any CPU
		{A34F4BE2-1251-4AE8-8062-23B741E13821}.ExportRelease|Any CPU.Build.0 = ExportRelease|Any CPU
		{01CC70C6-5289-478D-B977-AAB2AC1B67B8}.Debug|Any CPU.ActiveCfg = Debug|Any CPU
		{01CC70C6-5289-478D-B977-AAB2AC1B67B8}.Debug|Any CPU.Build.0 = Debug|Any CPU
		{01CC70C6-5289-478D-B977-AAB2AC1B67B8}.ExportDebug|Any CPU.ActiveCfg = ExportDebug|Any CPU
		{01CC70C6-5289-478D-B977-AAB2AC1B67B8}.ExportDebug|Any CPU.Build.0 = ExportDebug|Any CPU
		{01CC70C6-5289-478D-B977-AAB2AC1B67B8}.ExportRelease|Any CPU.ActiveCfg = ExportRelease|Any CPU
		{01CC70C6-5289-478D-B977-AAB2AC1B67B8}.ExportRelease|Any CPU.Build.0 = ExportRelease|Any CPU
		{F42C980F-2449-4576-A34E-8BAA88488158}.Debug|Any CPU.ActiveCfg = Debug|Any CPU
		{F42C980F-2449-4576-A34E-8BAA88488158}.Debug|Any CPU.Build.0 = Debug|Any CPU
		{F42C980F-2449-4576-A34E-8BAA88488158}.ExportDebug|Any CPU.ActiveCfg = Debug|Any CPU
		{F42C980F-2449-4576-A34E-8BAA88488158}.ExportDebug|Any CPU.Build.0 = Debug|Any CPU
		{F42C980F-2449-4576-A34E-8BAA88488158}.ExportRelease|Any CPU.ActiveCfg = Debug|Any CPU
		{F42C980F-2449-4576-A34E-8BAA88488158}.ExportRelease|Any CPU.Build.0 = Debug|Any CPU
		{718229BA-2BCC-4C69-B994-0C8945CA20E4}.Debug|Any CPU.ActiveCfg = Debug|Any CPU
		{718229BA-2BCC-4C69-B994-0C8945CA20E4}.Debug|Any CPU.Build.0 = Debug|Any CPU
		{718229BA-2BCC-4C69-B994-0C8945CA20E4}.ExportDebug|Any CPU.ActiveCfg = Debug|Any CPU
		{718229BA-2BCC-4C69-B994-0C8945CA20E4}.ExportDebug|Any CPU.Build.0 = Debug|Any CPU
		{718229BA-2BCC-4C69-B994-0C8945CA20E4}.ExportRelease|Any CPU.ActiveCfg = Debug|Any CPU
		{718229BA-2BCC-4C69-B994-0C8945CA20E4}.ExportRelease|Any CPU.Build.0 = Debug|Any CPU
		{2598842F-38BD-4AA2-A645-168722BE60BD}.Debug|Any CPU.ActiveCfg = Debug|Any CPU
		{2598842F-38BD-4AA2-A645-168722BE60BD}.Debug|Any CPU.Build.0 = Debug|Any CPU
		{2598842F-38BD-4AA2-A645-168722BE60BD}.ExportDebug|Any CPU.ActiveCfg = ExportDebug|Any CPU
		{2598842F-38BD-4AA2-A645-168722BE60BD}.ExportDebug|Any CPU.Build.0 = ExportDebug|Any CPU
		{2598842F-38BD-4AA2-A645-168722BE60BD}.ExportRelease|Any CPU.ActiveCfg = ExportRelease|Any CPU
		{2598842F-38BD-4AA2-A645-168722BE60BD}.ExportRelease|Any CPU.Build.0 = ExportRelease|Any CPU
		{512889A1-9DA1-4C8D-A144-E267765E3DF2}.Debug|Any CPU.ActiveCfg = Debug|Any CPU
		{512889A1-9DA1-4C8D-A144-E267765E3DF2}.Debug|Any CPU.Build.0 = Debug|Any CPU
		{512889A1-9DA1-4C8D-A144-E267765E3DF2}.ExportDebug|Any CPU.ActiveCfg = Debug|Any CPU
		{512889A1-9DA1-4C8D-A144-E267765E3DF2}.ExportDebug|Any CPU.Build.0 = Debug|Any CPU
		{512889A1-9DA1-4C8D-A144-E267765E3DF2}.ExportRelease|Any CPU.ActiveCfg = Debug|Any CPU
		{512889A1-9DA1-4C8D-A144-E267765E3DF2}.ExportRelease|Any CPU.Build.0 = Debug|Any CPU
		{AF7F0FB0-0709-4651-9EB3-0671A395E4B2}.Debug|Any CPU.ActiveCfg = Debug|Any CPU
		{AF7F0FB0-0709-4651-9EB3-0671A395E4B2}.Debug|Any CPU.Build.0 = Debug|Any CPU
		{AF7F0FB0-0709-4651-9EB3-0671A395E4B2}.ExportDebug|Any CPU.ActiveCfg = Debug|Any CPU
		{AF7F0FB0-0709-4651-9EB3-0671A395E4B2}.ExportDebug|Any CPU.Build.0 = Debug|Any CPU
		{AF7F0FB0-0709-4651-9EB3-0671A395E4B2}.ExportRelease|Any CPU.ActiveCfg = Debug|Any CPU
		{AF7F0FB0-0709-4651-9EB3-0671A395E4B2}.ExportRelease|Any CPU.Build.0 = Debug|Any CPU
		{A90943BF-B2F2-4A01-B023-FC934E03F232}.Debug|Any CPU.ActiveCfg = Debug|Any CPU
		{A90943BF-B2F2-4A01-B023-FC934E03F232}.Debug|Any CPU.Build.0 = Debug|Any CPU
		{A90943BF-B2F2-4A01-B023-FC934E03F232}.ExportDebug|Any CPU.ActiveCfg = Debug|Any CPU
		{A90943BF-B2F2-4A01-B023-FC934E03F232}.ExportDebug|Any CPU.Build.0 = Debug|Any CPU
		{A90943BF-B2F2-4A01-B023-FC934E03F232}.ExportRelease|Any CPU.ActiveCfg = Debug|Any CPU
		{A90943BF-B2F2-4A01-B023-FC934E03F232}.ExportRelease|Any CPU.Build.0 = Debug|Any CPU
		{E95741FF-905E-47BA-A7EC-B61C575B30C7}.Debug|Any CPU.ActiveCfg = Debug|Any CPU
		{E95741FF-905E-47BA-A7EC-B61C575B30C7}.Debug|Any CPU.Build.0 = Debug|Any CPU
		{E95741FF-905E-47BA-A7EC-B61C575B30C7}.ExportDebug|Any CPU.ActiveCfg = Debug|Any CPU
		{E95741FF-905E-47BA-A7EC-B61C575B30C7}.ExportDebug|Any CPU.Build.0 = Debug|Any CPU
		{E95741FF-905E-47BA-A7EC-B61C575B30C7}.ExportRelease|Any CPU.ActiveCfg = Debug|Any CPU
		{E95741FF-905E-47BA-A7EC-B61C575B30C7}.ExportRelease|Any CPU.Build.0 = Debug|Any CPU
		{3C1B2F13-FBD1-47D1-9EC1-E45AA9ED29CC}.Debug|Any CPU.ActiveCfg = Debug|Any CPU
		{3C1B2F13-FBD1-47D1-9EC1-E45AA9ED29CC}.Debug|Any CPU.Build.0 = Debug|Any CPU
		{3C1B2F13-FBD1-47D1-9EC1-E45AA9ED29CC}.ExportDebug|Any CPU.ActiveCfg = Debug|Any CPU
		{3C1B2F13-FBD1-47D1-9EC1-E45AA9ED29CC}.ExportDebug|Any CPU.Build.0 = Debug|Any CPU
		{3C1B2F13-FBD1-47D1-9EC1-E45AA9ED29CC}.ExportRelease|Any CPU.ActiveCfg = Debug|Any CPU
		{3C1B2F13-FBD1-47D1-9EC1-E45AA9ED29CC}.ExportRelease|Any CPU.Build.0 = Debug|Any CPU
		{319F6F96-C197-4BF3-AE28-EFDE22934CC2}.Debug|Any CPU.ActiveCfg = Debug|Any CPU
		{319F6F96-C197-4BF3-AE28-EFDE22934CC2}.Debug|Any CPU.Build.0 = Debug|Any CPU
		{319F6F96-C197-4BF3-AE28-EFDE22934CC2}.ExportDebug|Any CPU.ActiveCfg = Debug|Any CPU
		{319F6F96-C197-4BF3-AE28-EFDE22934CC2}.ExportDebug|Any CPU.Build.0 = Debug|Any CPU
		{319F6F96-C197-4BF3-AE28-EFDE22934CC2}.ExportRelease|Any CPU.ActiveCfg = Debug|Any CPU
		{319F6F96-C197-4BF3-AE28-EFDE22934CC2}.ExportRelease|Any CPU.Build.0 = Debug|Any CPU
		{A886C3DC-875C-4617-9179-167C788F19DC}.Debug|Any CPU.ActiveCfg = Debug|Any CPU
		{A886C3DC-875C-4617-9179-167C788F19DC}.Debug|Any CPU.Build.0 = Debug|Any CPU
		{A886C3DC-875C-4617-9179-167C788F19DC}.ExportDebug|Any CPU.ActiveCfg = Debug|Any CPU
		{A886C3DC-875C-4617-9179-167C788F19DC}.ExportDebug|Any CPU.Build.0 = Debug|Any CPU
		{A886C3DC-875C-4617-9179-167C788F19DC}.ExportRelease|Any CPU.ActiveCfg = Debug|Any CPU
		{A886C3DC-875C-4617-9179-167C788F19DC}.ExportRelease|Any CPU.Build.0 = Debug|Any CPU
		{690DE55F-E5DF-4CFB-B256-D70F2E4B863B}.Debug|Any CPU.ActiveCfg = Debug|Any CPU
		{690DE55F-E5DF-4CFB-B256-D70F2E4B863B}.Debug|Any CPU.Build.0 = Debug|Any CPU
		{690DE55F-E5DF-4CFB-B256-D70F2E4B863B}.ExportDebug|Any CPU.ActiveCfg = ExportDebug|Any CPU
		{690DE55F-E5DF-4CFB-B256-D70F2E4B863B}.ExportDebug|Any CPU.Build.0 = ExportDebug|Any CPU
		{690DE55F-E5DF-4CFB-B256-D70F2E4B863B}.ExportRelease|Any CPU.ActiveCfg = ExportRelease|Any CPU
		{690DE55F-E5DF-4CFB-B256-D70F2E4B863B}.ExportRelease|Any CPU.Build.0 = ExportRelease|Any CPU
		{A1F35F84-3DB2-456F-8909-BD15739766CB}.Debug|Any CPU.ActiveCfg = Debug|Any CPU
		{A1F35F84-3DB2-456F-8909-BD15739766CB}.Debug|Any CPU.Build.0 = Debug|Any CPU
		{A1F35F84-3DB2-456F-8909-BD15739766CB}.ExportDebug|Any CPU.ActiveCfg = Debug|Any CPU
		{A1F35F84-3DB2-456F-8909-BD15739766CB}.ExportDebug|Any CPU.Build.0 = Debug|Any CPU
		{A1F35F84-3DB2-456F-8909-BD15739766CB}.ExportRelease|Any CPU.ActiveCfg = Debug|Any CPU
		{A1F35F84-3DB2-456F-8909-BD15739766CB}.ExportRelease|Any CPU.Build.0 = Debug|Any CPU
		{F2B996C0-268E-438A-A565-18541673ECE4}.Debug|Any CPU.ActiveCfg = Debug|Any CPU
		{F2B996C0-268E-438A-A565-18541673ECE4}.Debug|Any CPU.Build.0 = Debug|Any CPU
		{F2B996C0-268E-438A-A565-18541673ECE4}.ExportDebug|Any CPU.ActiveCfg = Debug|Any CPU
		{F2B996C0-268E-438A-A565-18541673ECE4}.ExportDebug|Any CPU.Build.0 = Debug|Any CPU
		{F2B996C0-268E-438A-A565-18541673ECE4}.ExportRelease|Any CPU.ActiveCfg = Debug|Any CPU
		{F2B996C0-268E-438A-A565-18541673ECE4}.ExportRelease|Any CPU.Build.0 = Debug|Any CPU
		{39574623-6BFB-489A-9C7F-9311A1379E9E}.Debug|Any CPU.ActiveCfg = Debug|Any CPU
		{39574623-6BFB-489A-9C7F-9311A1379E9E}.Debug|Any CPU.Build.0 = Debug|Any CPU
		{39574623-6BFB-489A-9C7F-9311A1379E9E}.ExportDebug|Any CPU.ActiveCfg = Debug|Any CPU
		{39574623-6BFB-489A-9C7F-9311A1379E9E}.ExportDebug|Any CPU.Build.0 = Debug|Any CPU
		{39574623-6BFB-489A-9C7F-9311A1379E9E}.ExportRelease|Any CPU.ActiveCfg = Debug|Any CPU
		{39574623-6BFB-489A-9C7F-9311A1379E9E}.ExportRelease|Any CPU.Build.0 = Debug|Any CPU
		{7BD89D21-F57F-47EF-804E-9841FAD169BD}.Debug|Any CPU.ActiveCfg = Debug|Any CPU
		{7BD89D21-F57F-47EF-804E-9841FAD169BD}.Debug|Any CPU.Build.0 = Debug|Any CPU
		{7BD89D21-F57F-47EF-804E-9841FAD169BD}.ExportDebug|Any CPU.ActiveCfg = Debug|Any CPU
		{7BD89D21-F57F-47EF-804E-9841FAD169BD}.ExportDebug|Any CPU.Build.0 = Debug|Any CPU
		{7BD89D21-F57F-47EF-804E-9841FAD169BD}.ExportRelease|Any CPU.ActiveCfg = Debug|Any CPU
		{7BD89D21-F57F-47EF-804E-9841FAD169BD}.ExportRelease|Any CPU.Build.0 = Debug|Any CPU
		{C2CDCB55-BACA-4561-9594-6C709138277C}.Debug|Any CPU.ActiveCfg = Debug|Any CPU
		{C2CDCB55-BACA-4561-9594-6C709138277C}.Debug|Any CPU.Build.0 = Debug|Any CPU
		{C2CDCB55-BACA-4561-9594-6C709138277C}.ExportDebug|Any CPU.ActiveCfg = Debug|Any CPU
		{C2CDCB55-BACA-4561-9594-6C709138277C}.ExportDebug|Any CPU.Build.0 = Debug|Any CPU
		{C2CDCB55-BACA-4561-9594-6C709138277C}.ExportRelease|Any CPU.ActiveCfg = Debug|Any CPU
		{C2CDCB55-BACA-4561-9594-6C709138277C}.ExportRelease|Any CPU.Build.0 = Debug|Any CPU
		{920F3DEF-E42F-45D5-AD01-1D8DD4E7C2CA}.Debug|Any CPU.ActiveCfg = Debug|Any CPU
		{920F3DEF-E42F-45D5-AD01-1D8DD4E7C2CA}.Debug|Any CPU.Build.0 = Debug|Any CPU
		{920F3DEF-E42F-45D5-AD01-1D8DD4E7C2CA}.ExportDebug|Any CPU.ActiveCfg = ExportDebug|Any CPU
		{920F3DEF-E42F-45D5-AD01-1D8DD4E7C2CA}.ExportDebug|Any CPU.Build.0 = ExportDebug|Any CPU
		{920F3DEF-E42F-45D5-AD01-1D8DD4E7C2CA}.ExportRelease|Any CPU.ActiveCfg = ExportRelease|Any CPU
		{920F3DEF-E42F-45D5-AD01-1D8DD4E7C2CA}.ExportRelease|Any CPU.Build.0 = ExportRelease|Any CPU
		{FDB412C1-0C17-4609-8D76-D8246369345C}.Debug|Any CPU.ActiveCfg = Debug|Any CPU
		{FDB412C1-0C17-4609-8D76-D8246369345C}.Debug|Any CPU.Build.0 = Debug|Any CPU
		{FDB412C1-0C17-4609-8D76-D8246369345C}.ExportDebug|Any CPU.ActiveCfg = Debug|Any CPU
		{FDB412C1-0C17-4609-8D76-D8246369345C}.ExportDebug|Any CPU.Build.0 = Debug|Any CPU
		{FDB412C1-0C17-4609-8D76-D8246369345C}.ExportRelease|Any CPU.ActiveCfg = Debug|Any CPU
		{FDB412C1-0C17-4609-8D76-D8246369345C}.ExportRelease|Any CPU.Build.0 = Debug|Any CPU
		{199565A2-6BDC-4052-9E6E-EACBE8AC3702}.Debug|Any CPU.ActiveCfg = Debug|Any CPU
		{199565A2-6BDC-4052-9E6E-EACBE8AC3702}.Debug|Any CPU.Build.0 = Debug|Any CPU
		{199565A2-6BDC-4052-9E6E-EACBE8AC3702}.ExportDebug|Any CPU.ActiveCfg = Debug|Any CPU
		{199565A2-6BDC-4052-9E6E-EACBE8AC3702}.ExportDebug|Any CPU.Build.0 = Debug|Any CPU
		{199565A2-6BDC-4052-9E6E-EACBE8AC3702}.ExportRelease|Any CPU.ActiveCfg = Debug|Any CPU
		{199565A2-6BDC-4052-9E6E-EACBE8AC3702}.ExportRelease|Any CPU.Build.0 = Debug|Any CPU
	EndGlobalSection
	GlobalSection(NestedProjects) = preSolution
		{A34F4BE2-1251-4AE8-8062-23B741E13821} = {DFA95E58-4B3F-4D46-BD8D-5C6945069DA0}
		{01CC70C6-5289-478D-B977-AAB2AC1B67B8} = {DFA95E58-4B3F-4D46-BD8D-5C6945069DA0}
		{F42C980F-2449-4576-A34E-8BAA88488158} = {DFA95E58-4B3F-4D46-BD8D-5C6945069DA0}
		{718229BA-2BCC-4C69-B994-0C8945CA20E4} = {BE49C450-D4A9-4C2B-8AB2-43292E27CB77}
		{2598842F-38BD-4AA2-A645-168722BE60BD} = {BE49C450-D4A9-4C2B-8AB2-43292E27CB77}
		{512889A1-9DA1-4C8D-A144-E267765E3DF2} = {BE49C450-D4A9-4C2B-8AB2-43292E27CB77}
		{AF7F0FB0-0709-4651-9EB3-0671A395E4B2} = {17D096EA-4108-4F8D-B144-6E207C5EBE6D}
		{A90943BF-B2F2-4A01-B023-FC934E03F232} = {17D096EA-4108-4F8D-B144-6E207C5EBE6D}
		{E95741FF-905E-47BA-A7EC-B61C575B30C7} = {17D096EA-4108-4F8D-B144-6E207C5EBE6D}
		{3C1B2F13-FBD1-47D1-9EC1-E45AA9ED29CC} = {17D096EA-4108-4F8D-B144-6E207C5EBE6D}
		{319F6F96-C197-4BF3-AE28-EFDE22934CC2} = {17D096EA-4108-4F8D-B144-6E207C5EBE6D}
		{A886C3DC-875C-4617-9179-167C788F19DC} = {CECCCE65-9FBE-4149-A082-FCF332FA48FF}
		{690DE55F-E5DF-4CFB-B256-D70F2E4B863B} = {CECCCE65-9FBE-4149-A082-FCF332FA48FF}
		{A1F35F84-3DB2-456F-8909-BD15739766CB} = {CECCCE65-9FBE-4149-A082-FCF332FA48FF}
		{F31CBA25-9ACA-49AA-8BD9-4ECAC90AE62D} = {CECCCE65-9FBE-4149-A082-FCF332FA48FF}
		{F2B996C0-268E-438A-A565-18541673ECE4} = {F31CBA25-9ACA-49AA-8BD9-4ECAC90AE62D}
		{39574623-6BFB-489A-9C7F-9311A1379E9E} = {F31CBA25-9ACA-49AA-8BD9-4ECAC90AE62D}
		{7BD89D21-F57F-47EF-804E-9841FAD169BD} = {F31CBA25-9ACA-49AA-8BD9-4ECAC90AE62D}
		{C20923E9-E6C4-4128-9CEF-B9366DF3CE66} = {CECCCE65-9FBE-4149-A082-FCF332FA48FF}
		{C2CDCB55-BACA-4561-9594-6C709138277C} = {C20923E9-E6C4-4128-9CEF-B9366DF3CE66}
		{920F3DEF-E42F-45D5-AD01-1D8DD4E7C2CA} = {4A80D59A-CB0C-4BBD-89AE-10DFDB62A75F}
		{FDB412C1-0C17-4609-8D76-D8246369345C} = {4A80D59A-CB0C-4BBD-89AE-10DFDB62A75F}
		{199565A2-6BDC-4052-9E6E-EACBE8AC3702} = {4A80D59A-CB0C-4BBD-89AE-10DFDB62A75F}
	EndGlobalSection
EndGlobal
