Microsoft Visual Studio Solution File, Format Version 12.00
# Visual Studio 2012
Project("{2150E333-8FDC-42A3-9474-1A3956D46DE8}") = "3_UniTest", "3_UniTest", "{B7F074FA-82B9-4E31-B992-6455203DC7F3}"
EndProject
Project("{2150E333-8FDC-42A3-9474-1A3956D46DE8}") = "0_Base", "0_Base", "{F755CB27-9E49-47B7-9504-471F74E4B9F6}"
EndProject
Project("{2150E333-8FDC-42A3-9474-1A3956D46DE8}") = "1_1_Fronted", "1_1_Fronted", "{65325CD9-CF7C-4C42-A476-79259822FC44}"
EndProject
Project("{2150E333-8FDC-42A3-9474-1A3956D46DE8}") = "1_2_Backend", "1_2_Backend", "{F840B81B-F010-4C00-81D7-1D2C9133F63B}"
EndProject
Project("{2150E333-8FDC-42A3-9474-1A3956D46DE8}") = "2_Main", "2_Main", "{290FA6C7-B36F-457F-B6CC-BFCD88B153CF}"
EndProject
Project("{FAE04EC0-301F-11D3-BF4B-00C04F79EFBC}") = "TO.Commons", "TO.Commons\TO.Commons.csproj", "{0C8B6E4D-6A52-42AE-A032-673B439FB915}"
EndProject
Project("{FAE04EC0-301F-11D3-BF4B-00C04F79EFBC}") = "demo", "demo.csproj", "{D5A7ECCD-B3C2-446A-85BF-FBB179B0B491}"
EndProject
Project("{FAE04EC0-301F-11D3-BF4B-00C04F79EFBC}") = "TO.Contexts", "TO.Contexts\TO.Contexts.csproj", "{F9B17964-17B4-4D83-81C1-C96D873A78B8}"
EndProject
Project("{FAE04EC0-301F-11D3-BF4B-00C04F79EFBC}") = "TO.Nodes.Abstractions", "TO.Nodes.Abstractions\TO.Nodes.Abstractions.csproj", "{A3EC1169-47D6-45F9-973E-384D7EDFC8F1}"
EndProject
Project("{FAE04EC0-301F-11D3-BF4B-00C04F79EFBC}") = "TO.Repositories", "TO.Repositories\TO.Repositories.csproj", "{A673636A-AA4E-44C8-971C-0B767096E805}"
EndProject
Project("{FAE04EC0-301F-11D3-BF4B-00C04F79EFBC}") = "TO.Services", "TO.Services\TO.Services.csproj", "{C4A19045-0F8F-466F-8EFF-1552FA051039}"
EndProject
Project("{FAE04EC0-301F-11D3-BF4B-00C04F79EFBC}") = "TO.Commands", "TO.Commands\TO.Commands.csproj", "{B68A7555-C84A-478D-B034-BB50B139C46D}"
EndProject
Project("{FAE04EC0-301F-11D3-BF4B-00C04F79EFBC}") = "TO.CommandHandlers", "TO.CommandHandlers\TO.CommandHandlers.csproj", "{89DDC9FD-2638-4676-B62D-51FB3ED3DDB9}"
EndProject
Project("{FAE04EC0-301F-11D3-BF4B-00C04F79EFBC}") = "TO.Events", "TO.Events\TO.Events.csproj", "{24658AD7-868C-4180-B829-9BC38DBCAE78}"
EndProject
Project("{FAE04EC0-301F-11D3-BF4B-00C04F79EFBC}") = "TO.Repositories.Abstractions", "TO.Repositories.Abstractions\TO.Repositories.Abstractions.csproj", "{21AE6E7D-2A4E-493F-A6FE-9FF56FBD6275}"
EndProject
Project("{FAE04EC0-301F-11D3-BF4B-00C04F79EFBC}") = "TO.Services.Abstractions", "TO.Services.Abstractions\TO.Services.Abstractions.csproj", "{E3BD7E5F-7433-429A-93D6-C5DC60C0F2D8}"
EndProject
Project("{FAE04EC0-301F-11D3-BF4B-00C04F79EFBC}") = "TO.Data", "TO.Data\TO.Data.csproj", "{F4F9CA2E-4B5F-4A1E-B1C7-4AACCE900A7B}"
EndProject
Global
	GlobalSection(SolutionConfigurationPlatforms) = preSolution
	Debug|Any CPU = Debug|Any CPU
	ExportDebug|Any CPU = ExportDebug|Any CPU
	ExportRelease|Any CPU = ExportRelease|Any CPU
	EndGlobalSection
	GlobalSection(ProjectConfigurationPlatforms) = postSolution
		{0C8B6E4D-6A52-42AE-A032-673B439FB915}.Debug|Any CPU.ActiveCfg = Debug|Any CPU
		{0C8B6E4D-6A52-42AE-A032-673B439FB915}.Debug|Any CPU.Build.0 = Debug|Any CPU
		{0C8B6E4D-6A52-42AE-A032-673B439FB915}.ExportDebug|Any CPU.ActiveCfg = ExportDebug|Any CPU
		{0C8B6E4D-6A52-42AE-A032-673B439FB915}.ExportDebug|Any CPU.Build.0 = ExportDebug|Any CPU
		{0C8B6E4D-6A52-42AE-A032-673B439FB915}.ExportRelease|Any CPU.ActiveCfg = ExportRelease|Any CPU
		{0C8B6E4D-6A52-42AE-A032-673B439FB915}.ExportRelease|Any CPU.Build.0 = ExportRelease|Any CPU
		{D5A7ECCD-B3C2-446A-85BF-FBB179B0B491}.Debug|Any CPU.ActiveCfg = Debug|Any CPU
		{D5A7ECCD-B3C2-446A-85BF-FBB179B0B491}.Debug|Any CPU.Build.0 = Debug|Any CPU
		{D5A7ECCD-B3C2-446A-85BF-FBB179B0B491}.ExportDebug|Any CPU.ActiveCfg = ExportDebug|Any CPU
		{D5A7ECCD-B3C2-446A-85BF-FBB179B0B491}.ExportDebug|Any CPU.Build.0 = ExportDebug|Any CPU
		{D5A7ECCD-B3C2-446A-85BF-FBB179B0B491}.ExportRelease|Any CPU.ActiveCfg = ExportRelease|Any CPU
		{D5A7ECCD-B3C2-446A-85BF-FBB179B0B491}.ExportRelease|Any CPU.Build.0 = ExportRelease|Any CPU
		{F9B17964-17B4-4D83-81C1-C96D873A78B8}.Debug|Any CPU.ActiveCfg = Debug|Any CPU
		{F9B17964-17B4-4D83-81C1-C96D873A78B8}.Debug|Any CPU.Build.0 = Debug|Any CPU
		{F9B17964-17B4-4D83-81C1-C96D873A78B8}.ExportDebug|Any CPU.ActiveCfg = ExportDebug|Any CPU
		{F9B17964-17B4-4D83-81C1-C96D873A78B8}.ExportDebug|Any CPU.Build.0 = ExportDebug|Any CPU
		{F9B17964-17B4-4D83-81C1-C96D873A78B8}.ExportRelease|Any CPU.ActiveCfg = ExportRelease|Any CPU
		{F9B17964-17B4-4D83-81C1-C96D873A78B8}.ExportRelease|Any CPU.Build.0 = ExportRelease|Any CPU
		{A3EC1169-47D6-45F9-973E-384D7EDFC8F1}.Debug|Any CPU.ActiveCfg = Debug|Any CPU
		{A3EC1169-47D6-45F9-973E-384D7EDFC8F1}.Debug|Any CPU.Build.0 = Debug|Any CPU
		{A3EC1169-47D6-45F9-973E-384D7EDFC8F1}.ExportDebug|Any CPU.ActiveCfg = Debug|Any CPU
		{A3EC1169-47D6-45F9-973E-384D7EDFC8F1}.ExportDebug|Any CPU.Build.0 = Debug|Any CPU
		{A3EC1169-47D6-45F9-973E-384D7EDFC8F1}.ExportRelease|Any CPU.ActiveCfg = Debug|Any CPU
		{A3EC1169-47D6-45F9-973E-384D7EDFC8F1}.ExportRelease|Any CPU.Build.0 = Debug|Any CPU
		{A673636A-AA4E-44C8-971C-0B767096E805}.Debug|Any CPU.ActiveCfg = Debug|Any CPU
		{A673636A-AA4E-44C8-971C-0B767096E805}.Debug|Any CPU.Build.0 = Debug|Any CPU
		{A673636A-AA4E-44C8-971C-0B767096E805}.ExportDebug|Any CPU.ActiveCfg = ExportDebug|Any CPU
		{A673636A-AA4E-44C8-971C-0B767096E805}.ExportDebug|Any CPU.Build.0 = ExportDebug|Any CPU
		{A673636A-AA4E-44C8-971C-0B767096E805}.ExportRelease|Any CPU.ActiveCfg = ExportRelease|Any CPU
		{A673636A-AA4E-44C8-971C-0B767096E805}.ExportRelease|Any CPU.Build.0 = ExportRelease|Any CPU
		{C4A19045-0F8F-466F-8EFF-1552FA051039}.Debug|Any CPU.ActiveCfg = Debug|Any CPU
		{C4A19045-0F8F-466F-8EFF-1552FA051039}.Debug|Any CPU.Build.0 = Debug|Any CPU
		{C4A19045-0F8F-466F-8EFF-1552FA051039}.ExportDebug|Any CPU.ActiveCfg = Debug|Any CPU
		{C4A19045-0F8F-466F-8EFF-1552FA051039}.ExportDebug|Any CPU.Build.0 = Debug|Any CPU
		{C4A19045-0F8F-466F-8EFF-1552FA051039}.ExportRelease|Any CPU.ActiveCfg = Debug|Any CPU
		{C4A19045-0F8F-466F-8EFF-1552FA051039}.ExportRelease|Any CPU.Build.0 = Debug|Any CPU
		{B68A7555-C84A-478D-B034-BB50B139C46D}.Debug|Any CPU.ActiveCfg = Debug|Any CPU
		{B68A7555-C84A-478D-B034-BB50B139C46D}.Debug|Any CPU.Build.0 = Debug|Any CPU
		{B68A7555-C84A-478D-B034-BB50B139C46D}.ExportDebug|Any CPU.ActiveCfg = Debug|Any CPU
		{B68A7555-C84A-478D-B034-BB50B139C46D}.ExportDebug|Any CPU.Build.0 = Debug|Any CPU
		{B68A7555-C84A-478D-B034-BB50B139C46D}.ExportRelease|Any CPU.ActiveCfg = Debug|Any CPU
		{B68A7555-C84A-478D-B034-BB50B139C46D}.ExportRelease|Any CPU.Build.0 = Debug|Any CPU
		{89DDC9FD-2638-4676-B62D-51FB3ED3DDB9}.Debug|Any CPU.ActiveCfg = Debug|Any CPU
		{89DDC9FD-2638-4676-B62D-51FB3ED3DDB9}.Debug|Any CPU.Build.0 = Debug|Any CPU
		{89DDC9FD-2638-4676-B62D-51FB3ED3DDB9}.ExportDebug|Any CPU.ActiveCfg = Debug|Any CPU
		{89DDC9FD-2638-4676-B62D-51FB3ED3DDB9}.ExportDebug|Any CPU.Build.0 = Debug|Any CPU
		{89DDC9FD-2638-4676-B62D-51FB3ED3DDB9}.ExportRelease|Any CPU.ActiveCfg = Debug|Any CPU
		{89DDC9FD-2638-4676-B62D-51FB3ED3DDB9}.ExportRelease|Any CPU.Build.0 = Debug|Any CPU
		{24658AD7-868C-4180-B829-9BC38DBCAE78}.Debug|Any CPU.ActiveCfg = Debug|Any CPU
		{24658AD7-868C-4180-B829-9BC38DBCAE78}.Debug|Any CPU.Build.0 = Debug|Any CPU
		{24658AD7-868C-4180-B829-9BC38DBCAE78}.ExportDebug|Any CPU.ActiveCfg = Debug|Any CPU
		{24658AD7-868C-4180-B829-9BC38DBCAE78}.ExportDebug|Any CPU.Build.0 = Debug|Any CPU
		{24658AD7-868C-4180-B829-9BC38DBCAE78}.ExportRelease|Any CPU.ActiveCfg = Debug|Any CPU
		{24658AD7-868C-4180-B829-9BC38DBCAE78}.ExportRelease|Any CPU.Build.0 = Debug|Any CPU
		{21AE6E7D-2A4E-493F-A6FE-9FF56FBD6275}.Debug|Any CPU.ActiveCfg = Debug|Any CPU
		{21AE6E7D-2A4E-493F-A6FE-9FF56FBD6275}.Debug|Any CPU.Build.0 = Debug|Any CPU
		{21AE6E7D-2A4E-493F-A6FE-9FF56FBD6275}.ExportDebug|Any CPU.ActiveCfg = Debug|Any CPU
		{21AE6E7D-2A4E-493F-A6FE-9FF56FBD6275}.ExportDebug|Any CPU.Build.0 = Debug|Any CPU
		{21AE6E7D-2A4E-493F-A6FE-9FF56FBD6275}.ExportRelease|Any CPU.ActiveCfg = Debug|Any CPU
		{21AE6E7D-2A4E-493F-A6FE-9FF56FBD6275}.ExportRelease|Any CPU.Build.0 = Debug|Any CPU
		{E3BD7E5F-7433-429A-93D6-C5DC60C0F2D8}.Debug|Any CPU.ActiveCfg = Debug|Any CPU
		{E3BD7E5F-7433-429A-93D6-C5DC60C0F2D8}.Debug|Any CPU.Build.0 = Debug|Any CPU
		{E3BD7E5F-7433-429A-93D6-C5DC60C0F2D8}.ExportDebug|Any CPU.ActiveCfg = Debug|Any CPU
		{E3BD7E5F-7433-429A-93D6-C5DC60C0F2D8}.ExportDebug|Any CPU.Build.0 = Debug|Any CPU
		{E3BD7E5F-7433-429A-93D6-C5DC60C0F2D8}.ExportRelease|Any CPU.ActiveCfg = Debug|Any CPU
		{E3BD7E5F-7433-429A-93D6-C5DC60C0F2D8}.ExportRelease|Any CPU.Build.0 = Debug|Any CPU
		{F4F9CA2E-4B5F-4A1E-B1C7-4AACCE900A7B}.Debug|Any CPU.ActiveCfg = Debug|Any CPU
		{F4F9CA2E-4B5F-4A1E-B1C7-4AACCE900A7B}.Debug|Any CPU.Build.0 = Debug|Any CPU
		{F4F9CA2E-4B5F-4A1E-B1C7-4AACCE900A7B}.ExportDebug|Any CPU.ActiveCfg = Debug|Any CPU
		{F4F9CA2E-4B5F-4A1E-B1C7-4AACCE900A7B}.ExportDebug|Any CPU.Build.0 = Debug|Any CPU
		{F4F9CA2E-4B5F-4A1E-B1C7-4AACCE900A7B}.ExportRelease|Any CPU.ActiveCfg = Debug|Any CPU
		{F4F9CA2E-4B5F-4A1E-B1C7-4AACCE900A7B}.ExportRelease|Any CPU.Build.0 = Debug|Any CPU
	EndGlobalSection
	GlobalSection(NestedProjects) = preSolution
		{0C8B6E4D-6A52-42AE-A032-673B439FB915} = {F755CB27-9E49-47B7-9504-471F74E4B9F6}
		{F9B17964-17B4-4D83-81C1-C96D873A78B8} = {F755CB27-9E49-47B7-9504-471F74E4B9F6}
		{A673636A-AA4E-44C8-971C-0B767096E805} = {F840B81B-F010-4C00-81D7-1D2C9133F63B}
		{C4A19045-0F8F-466F-8EFF-1552FA051039} = {290FA6C7-B36F-457F-B6CC-BFCD88B153CF}
		{B68A7555-C84A-478D-B034-BB50B139C46D} = {290FA6C7-B36F-457F-B6CC-BFCD88B153CF}
		{89DDC9FD-2638-4676-B62D-51FB3ED3DDB9} = {290FA6C7-B36F-457F-B6CC-BFCD88B153CF}
		{24658AD7-868C-4180-B829-9BC38DBCAE78} = {290FA6C7-B36F-457F-B6CC-BFCD88B153CF}
		{21AE6E7D-2A4E-493F-A6FE-9FF56FBD6275} = {F840B81B-F010-4C00-81D7-1D2C9133F63B}
		{E3BD7E5F-7433-429A-93D6-C5DC60C0F2D8} = {290FA6C7-B36F-457F-B6CC-BFCD88B153CF}
		{D5A7ECCD-B3C2-446A-85BF-FBB179B0B491} = {65325CD9-CF7C-4C42-A476-79259822FC44}
		{A3EC1169-47D6-45F9-973E-384D7EDFC8F1} = {65325CD9-CF7C-4C42-A476-79259822FC44}
		{F4F9CA2E-4B5F-4A1E-B1C7-4AACCE900A7B} = {F840B81B-F010-4C00-81D7-1D2C9133F63B}
	EndGlobalSection
EndGlobal
